{
    "_meta": {
        "hash": {
            "sha256": "df4744f4dfcae7949d18f08158f745a178d4fc8ec9f25a182ccae2cc0ef2b135"
        },
        "pipfile-spec": 6,
        "requires": {
            "python_version": "3.6"
        },
        "sources": [
            {
                "name": "pypi",
                "url": "https://pypi.org/simple",
                "verify_ssl": true
            }
        ]
    },
    "default": {
        "joblib": {
            "hashes": [
                "sha256:21e0c34a69ad7fde4f2b1f3402290e9ec46f545f15f1541c582edfe05d87b63a",
                "sha256:315d6b19643ec4afd4c41c671f9f2d65ea9d787da093487a81ead7b0bac94524"
            ],
            "version": "==0.13.2"
        },
        "numpy": {
            "hashes": [
                "sha256:03e311b0a4c9f5755da7d52161280c6a78406c7be5c5cc7facfbcebb641efb7e",
                "sha256:0cdd229a53d2720d21175012ab0599665f8c9588b3b8ffa6095dd7b90f0691dd",
                "sha256:312bb18e95218bedc3563f26fcc9c1c6bfaaf9d453d15942c0839acdd7e4c473",
                "sha256:464b1c48baf49e8505b1bb754c47a013d2c305c5b14269b5c85ea0625b6a988a",
                "sha256:5adfde7bd3ee4864536e230bcab1c673f866736698724d5d28c11a4d63672658",
                "sha256:7724e9e31ee72389d522b88c0d4201f24edc34277999701ccd4a5392e7d8af61",
                "sha256:8d36f7c53ae741e23f54793ffefb2912340b800476eb0a831c6eb602e204c5c4",
                "sha256:910d2272403c2ea8a52d9159827dc9f7c27fb4b263749dca884e2e4a8af3b302",
                "sha256:951fefe2fb73f84c620bec4e001e80a80ddaa1b84dce244ded7f1e0cbe0ed34a",
                "sha256:9588c6b4157f493edeb9378788dcd02cb9e6a6aeaa518b511a1c79d06cbd8094",
                "sha256:9ce8300950f2f1d29d0e49c28ebfff0d2f1e2a7444830fbb0b913c7c08f31511",
                "sha256:be39cca66cc6806652da97103605c7b65ee4442c638f04ff064a7efd9a81d50a",
                "sha256:c3ab2d835b95ccb59d11dfcd56eb0480daea57cdf95d686d22eff35584bc4554",
                "sha256:eb0fc4a492cb896346c9e2c7a22eae3e766d407df3eb20f4ce027f23f76e4c54",
                "sha256:ec0c56eae6cee6299f41e780a0280318a93db519bbb2906103c43f3e2be1206c",
                "sha256:f4e4612de60a4f1c4d06c8c2857cdcb2b8b5289189a12053f37d3f41f06c60d0"
            ],
            "version": "==1.17.0"
        },
        "scikit-learn": {
            "hashes": [
                "sha256:1ac81293d261747c25ea5a0ee8cd2bb1f3b5ba9ec05421a7f9f0feb4eb7c4116",
                "sha256:289361cf003d90b007f5066b27fcddc2d71324c82f1c88e316fedacb0dfdd516",
                "sha256:3a14d0abd4281fc3fd2149c486c3ec7cedad848b8d5f7b6f61522029d65a29f8",
                "sha256:5083a5e50d9d54548e4ada829598ae63a05651dd2bb319f821ffd9e8388384a6",
                "sha256:777cdd5c077b7ca9cb381396c81990cf41d2fa8350760d3cad3b4c460a7db644",
                "sha256:8bf2ff63da820d09b96b18e88f9625228457bff8df4618f6b087e12442ef9e15",
                "sha256:8d319b71c449627d178f21c57614e21747e54bb3fc9602b6f42906c3931aa320",
                "sha256:928050b65781fea9542dfe9bfe02d8c4f5530baa8472ec60782ea77347d2c836",
                "sha256:92c903613ff50e22aa95d589f9fff5deb6f34e79f7f21f609680087f137bb524",
                "sha256:ae322235def5ce8fae645b439e332e6f25d34bb90d6a6c8e261f17eb476457b7",
                "sha256:c1cd6b29eb1fd1cc672ac5e4a8be5f6ea936d094a3dc659ada0746d6fac750b1",
                "sha256:c41a6e2685d06bcdb0d26533af2540f54884d40db7e48baed6a5bcbf1a7cc642",
                "sha256:d07fcb0c0acbc043faa0e7cf4d2037f71193de3fb04fb8ed5c259b089af1cf5c",
                "sha256:d146d5443cda0a41f74276e42faf8c7f283fef49e8a853b832885239ef544e05",
                "sha256:eb2b7bed0a26ba5ce3700e15938b28a4f4513578d3e54a2156c29df19ac5fd01",
                "sha256:eb9b8ebf59eddd8b96366428238ab27d05a19e89c5516ce294abc35cea75d003"
            ],
            "version": "==0.21.3"
        },
        "scipy": {
            "hashes": [
                "sha256:03b1e0775edbe6a4c64effb05fff2ce1429b76d29d754aa5ee2d848b60033351",
                "sha256:09d008237baabf52a5d4f5a6fcf9b3c03408f3f61a69c404472a16861a73917e",
                "sha256:10325f0ffac2400b1ec09537b7e403419dcd25d9fee602a44e8a32119af9079e",
                "sha256:1db9f964ed9c52dc5bd6127f0dd90ac89791daa690a5665cc01eae185912e1ba",
                "sha256:409846be9d6bdcbd78b9e5afe2f64b2da5a923dd7c1cd0615ce589489533fdbb",
                "sha256:4907040f62b91c2e170359c3d36c000af783f0fa1516a83d6c1517cde0af5340",
                "sha256:6c0543f2fdd38dee631fb023c0f31c284a532d205590b393d72009c14847f5b1",
                "sha256:826b9f5fbb7f908a13aa1efd4b7321e36992f5868d5d8311c7b40cf9b11ca0e7",
                "sha256:a7695a378c2ce402405ea37b12c7a338a8755e081869bd6b95858893ceb617ae",
                "sha256:a84c31e8409b420c3ca57fd30c7589378d6fdc8d155d866a7f8e6e80dec6fd06",
                "sha256:adadeeae5500de0da2b9e8dd478520d0a9945b577b2198f2462555e68f58e7ef",
                "sha256:b283a76a83fe463c9587a2c88003f800e08c3929dfbeba833b78260f9c209785",
                "sha256:c19a7389ab3cd712058a8c3c9ffd8d27a57f3d84b9c91a931f542682bb3d269d",
                "sha256:c3bb4bd2aca82fb498247deeac12265921fe231502a6bc6edea3ee7fe6c40a7a",
                "sha256:c5ea60ece0c0c1c849025bfc541b60a6751b491b6f11dd9ef37ab5b8c9041921",
                "sha256:db61a640ca20f237317d27bc658c1fc54c7581ff7f6502d112922dc285bdabee"
            ],
            "version": "==1.3.0"
        },
        "sklearn": {
            "hashes": [
                "sha256:e23001573aa194b834122d2b9562459bf5ae494a2d59ca6b8aa22c85a44c0e31"
            ],
            "index": "pypi",
            "version": "==0.0"
        }
    },
    "develop": {}
}
